PODS:
  - Kingfisher (4.6.1)
  - Square1Tools (1.0.4)

DEPENDENCIES:
  - Kingfisher
  - Square1Tools (from `../Square1Tools`)

EXTERNAL SOURCES:
  Square1Tools:
    :path: ../Square1Tools

SPEC CHECKSUMS:
  Kingfisher: 1f9157d9c02b380cbd0b7cc890161195164eb634
  Square1Tools: de8e069832806c9d542a8834d62246ebf1af3213

PODFILE CHECKSUM: 5edce736065a61850723d4ba4c12600f7f62f84b

COCOAPODS: 1.4.0
